
Microsoft Visual Studio Solution File, Format Version 12.00
# Visual Studio 15
VisualStudioVersion = 15.0.27703.1
MinimumVisualStudioVersion = 10.0.40219.1
Project("{FAE04EC0-301F-11D3-BF4B-00C04F79EFBC}") = "FizzBuzzGame", "FizzBuzzGame\FizzBuzzGame.csproj", "{2F8F6B22-67EC-4E25-8CED-F325D027DAE9}"
EndProject
Project("{FAE04EC0-301F-11D3-BF4B-00C04F79EFBC}") = "SumowanieZTestami", "SumowanieZTestami\SumowanieZTestami.csproj", "{16F6F06B-5E82-4D34-9DCC-17103C3EF22C}"
EndProject
Project("{FAE04EC0-301F-11D3-BF4B-00C04F79EFBC}") = "Testy", "Testy\Testy.csproj", "{8147E6BA-8104-49DC-8F1F-BB0D50F2059B}"
EndProject
Global
	GlobalSection(SolutionConfigurationPlatforms) = preSolution
		Debug|Any CPU = Debug|Any CPU
		Release|Any CPU = Release|Any CPU
	EndGlobalSection
	GlobalSection(ProjectConfigurationPlatforms) = postSolution
		{2F8F6B22-67EC-4E25-8CED-F325D027DAE9}.Debug|Any CPU.ActiveCfg = Debug|Any CPU
		{2F8F6B22-67EC-4E25-8CED-F325D027DAE9}.Debug|Any CPU.Build.0 = Debug|Any CPU
		{2F8F6B22-67EC-4E25-8CED-F325D027DAE9}.Release|Any CPU.ActiveCfg = Release|Any CPU
		{2F8F6B22-67EC-4E25-8CED-F325D027DAE9}.Release|Any CPU.Build.0 = Release|Any CPU
		{16F6F06B-5E82-4D34-9DCC-17103C3EF22C}.Debug|Any CPU.ActiveCfg = Debug|Any CPU
		{16F6F06B-5E82-4D34-9DCC-17103C3EF22C}.Debug|Any CPU.Build.0 = Debug|Any CPU
		{16F6F06B-5E82-4D34-9DCC-17103C3EF22C}.Release|Any CPU.ActiveCfg = Release|Any CPU
		{16F6F06B-5E82-4D34-9DCC-17103C3EF22C}.Release|Any CPU.Build.0 = Release|Any CPU
		{8147E6BA-8104-49DC-8F1F-BB0D50F2059B}.Debug|Any CPU.ActiveCfg = Debug|Any CPU
		{8147E6BA-8104-49DC-8F1F-BB0D50F2059B}.Debug|Any CPU.Build.0 = Debug|Any CPU
		{8147E6BA-8104-49DC-8F1F-BB0D50F2059B}.Release|Any CPU.ActiveCfg = Release|Any CPU
		{8147E6BA-8104-49DC-8F1F-BB0D50F2059B}.Release|Any CPU.Build.0 = Release|Any CPU
	EndGlobalSection
	GlobalSection(SolutionProperties) = preSolution
		HideSolutionNode = FALSE
	EndGlobalSection
	GlobalSection(ExtensibilityGlobals) = postSolution
		SolutionGuid = {1A25FD4A-1C2B-4F29-A01D-0AB4746595DF}
	EndGlobalSection
EndGlobal
